{
  "name": "ash-npm-package",
  "version": "1.0.0",
  "lockfileVersion": 3,
  "requires": true,
  "packages": {
    "": {
      "name": "ash-npm-package",
      "version": "1.0.0",
      "license": "ISC",
      "dependencies": {
        "ash-npm-package": "^1.0.0"
      }
    },
    "node_modules/ash-npm-package": {
      "version": "1.0.0",
      "resolved": "https://registry.npmjs.org/ash-npm-package/-/ash-npm-package-1.0.0.tgz",
      "integrity": "sha512-hnYVFxBQoIqRxQtq2arLtcCxl7CMVAUCf436ngijlDqv+X4uInK9TO5EJS46uEw+8eXyev+/bfjiAsfEo8HeNA==",
      "license": "ISC"
    }
  }
}
